// !$*UTF8*$!
{
	archiveVersion = 1;
	classes = {
	};
	objectVersion = 46;
	objects = {

/* Begin PBXBuildFile section */
		4BB136BE168AF53300D2B39D /* UIKit.framework in Frameworks */ = {isa = PBXBuildFile; fileRef = 4BB136BD168AF53300D2B39D /* UIKit.framework */; };
		4BB136C0168AF53300D2B39D /* Foundation.framework in Frameworks */ = {isa = PBXBuildFile; fileRef = 4BB136BF168AF53300D2B39D /* Foundation.framework */; };
		4BB136C2168AF53300D2B39D /* CoreGraphics.framework in Frameworks */ = {isa = PBXBuildFile; fileRef = 4BB136C1168AF53300D2B39D /* CoreGraphics.framework */; };
		4BB136C8168AF53300D2B39D /* InfoPlist.strings in Resources */ = {isa = PBXBuildFile; fileRef = 4BB136C6168AF53300D2B39D /* InfoPlist.strings */; };
		4BB136CA168AF53300D2B39D /* main.m in Sources */ = {isa = PBXBuildFile; fileRef = 4BB136C9168AF53300D2B39D /* main.m */; };
		4BB136CE168AF53300D2B39D /* AppDelegate.m in Sources */ = {isa = PBXBuildFile; fileRef = 4BB136CD168AF53300D2B39D /* AppDelegate.m */; };
		4BB136D0168AF53300D2B39D /* Default.png in Resources */ = {isa = PBXBuildFile; fileRef = 4BB136CF168AF53300D2B39D /* Default.png */; };
		4BB136D2168AF53300D2B39D /* Default@2x.png in Resources */ = {isa = PBXBuildFile; fileRef = 4BB136D1168AF53300D2B39D /* Default@2x.png */; };
		4BB136D4168AF53300D2B39D /* Default-568h@2x.png in Resources */ = {isa = PBXBuildFile; fileRef = 4BB136D3168AF53300D2B39D /* Default-568h@2x.png */; };
/* End PBXBuildFile section */

/* Begin PBXFileReference section */
		4BB136B9168AF53300D2B39D /* KTdemo.app */ = {isa = PBXFileReference; explicitFileType = wrapper.application; includeInIndex = 0; path = KTdemo.app; sourceTree = BUILT_PRODUCTS_DIR; };
		4BB136BD168AF53300D2B39D /* UIKit.framework */ = {isa = PBXFileReference; lastKnownFileType = wrapper.framework; name = UIKit.framework; path = System/Library/Frameworks/UIKit.framework; sourceTree = SDKROOT; };
		4BB136BF168AF53300D2B39D /* Foundation.framework */ = {isa = PBXFileReference; lastKnownFileType = wrapper.framework; name = Foundation.framework; path = System/Library/Frameworks/Foundation.framework; sourceTree = SDKROOT; };
		4BB136C1168AF53300D2B39D /* CoreGraphics.framework */ = {isa = PBXFileReference; lastKnownFileType = wrapper.framework; name = CoreGraphics.framework; path = System/Library/Frameworks/CoreGraphics.framework; sourceTree = SDKROOT; };
		4BB136C5168AF53300D2B39D /* KTdemo-Info.plist */ = {isa = PBXFileReference; lastKnownFileType = text.plist.xml; path = "KTdemo-Info.plist"; sourceTree = "<group>"; };
		4BB136C7168AF53300D2B39D /* en */ = {isa = PBXFileReference; lastKnownFileType = text.plist.strings; name = en; path = en.lproj/InfoPlist.strings; sourceTree = "<group>"; };
		4BB136C9168AF53300D2B39D /* main.m */ = {isa = PBXFileReference; lastKnownFileType = sourcecode.c.objc; path = main.m; sourceTree = "<group>"; };
		4BB136CB168AF53300D2B39D /* KTdemo-Prefix.pch */ = {isa = PBXFileReference; lastKnownFileType = sourcecode.c.h; path = "KTdemo-Prefix.pch"; sourceTree = "<group>"; };
		4BB136CC168AF53300D2B39D /* AppDelegate.h */ = {isa = PBXFileReference; lastKnownFileType = sourcecode.c.h; path = AppDelegate.h; sourceTree = "<group>"; };
		4BB136CD168AF53300D2B39D /* AppDelegate.m */ = {isa = PBXFileReference; lastKnownFileType = sourcecode.c.objc; path = AppDelegate.m; sourceTree = "<group>"; };
		4BB136CF168AF53300D2B39D /* Default.png */ = {isa = PBXFileReference; lastKnownFileType = image.png; path = Default.png; sourceTree = "<group>"; };
		4BB136D1168AF53300D2B39D /* Default@2x.png */ = {isa = PBXFileReference; lastKnownFileType = image.png; path = "Default@2x.png"; sourceTree = "<group>"; };
		4BB136D3168AF53300D2B39D /* Default-568h@2x.png */ = {isa = PBXFileReference; lastKnownFileType = image.png; path = "Default-568h@2x.png"; sourceTree = "<group>"; };
/* End PBXFileReference section */

/* Begin PBXFrameworksBuildPhase section */
		4BB136B6168AF53300D2B39D /* Frameworks */ = {
			isa = PBXFrameworksBuildPhase;
			buildActionMask = 2147483647;
			files = (
				4BB136BE168AF53300D2B39D /* UIKit.framework in Frameworks */,
				4BB136C0168AF53300D2B39D /* Foundation.framework in Frameworks */,
				4BB136C2168AF53300D2B39D /* CoreGraphics.framework in Frameworks */,
			);
			runOnlyForDeploymentPostprocessing = 0;
		};
/* End PBXFrameworksBuildPhase section */

/* Begin PBXGroup section */
		4BB136AE168AF53300D2B39D = {
			isa = PBXGroup;
			children = (
				4BB136C3168AF53300D2B39D /* KTdemo */,
				4BB136BC168AF53300D2B39D /* Frameworks */,
				4BB136BA168AF53300D2B39D /* Products */,
			);
			sourceTree = "<group>";
		};
		4BB136BA168AF53300D2B39D /* Products */ = {
			isa = PBXGroup;
			children = (
				4BB136B9168AF53300D2B39D /* KTdemo.app */,
			);
			name = Products;
			sourceTree = "<group>";
		};
		4BB136BC168AF53300D2B39D /* Frameworks */ = {
			isa = PBXGroup;
			children = (
				4BB136BD168AF53300D2B39D /* UIKit.framework */,
				4BB136BF168AF53300D2B39D /* Foundation.framework */,
				4BB136C1168AF53300D2B39D /* CoreGraphics.framework */,
			);
			name = Frameworks;
			sourceTree = "<group>";
		};
		4BB136C3168AF53300D2B39D /* KTdemo */ = {
			isa = PBXGroup;
			children = (
				4BB136CC168AF53300D2B39D /* AppDelegate.h */,
				4BB136CD168AF53300D2B39D /* AppDelegate.m */,
				4BB136C4168AF53300D2B39D /* Supporting Files */,
			);
			path = KTdemo;
			sourceTree = "<group>";
		};
		4BB136C4168AF53300D2B39D /* Supporting Files */ = {
			isa = PBXGroup;
			children = (
				4BB136C5168AF53300D2B39D /* KTdemo-Info.plist */,
				4BB136C6168AF53300D2B39D /* InfoPlist.strings */,
				4BB136C9168AF53300D2B39D /* main.m */,
				4BB136CB168AF53300D2B39D /* KTdemo-Prefix.pch */,
				4BB136CF168AF53300D2B39D /* Default.png */,
				4BB136D1168AF53300D2B39D /* Default@2x.png */,
				4BB136D3168AF53300D2B39D /* Default-568h@2x.png */,
			);
			name = "Supporting Files";
			sourceTree = "<group>";
		};
/* End PBXGroup section */

/* Begin PBXNativeTarget section */
		4BB136B8168AF53300D2B39D /* KTdemo */ = {
			isa = PBXNativeTarget;
			buildConfigurationList = 4BB136D7168AF53300D2B39D /* Build configuration list for PBXNativeTarget "KTdemo" */;
			buildPhases = (
				4BB136B5168AF53300D2B39D /* Sources */,
				4BB136B6168AF53300D2B39D /* Frameworks */,
				4BB136B7168AF53300D2B39D /* Resources */,
			);
			buildRules = (
			);
			dependencies = (
			);
			name = KTdemo;
			productName = KTdemo;
			productReference = 4BB136B9168AF53300D2B39D /* KTdemo.app */;
			productType = "com.apple.product-type.application";
		};
/* End PBXNativeTarget section */

/* Begin PBXProject section */
		4BB136B0168AF53300D2B39D /* Project object */ = {
			isa = PBXProject;
			attributes = {
				LastUpgradeCheck = 0450;
				ORGANIZATIONNAME = kk;
			};
			buildConfigurationList = 4BB136B3168AF53300D2B39D /* Build configuration list for PBXProject "KTdemo" */;
			compatibilityVersion = "Xcode 3.2";
			developmentRegion = English;
			hasScannedForEncodings = 0;
			knownRegions = (
				en,
			);
			mainGroup = 4BB136AE168AF53300D2B39D;
			productRefGroup = 4BB136BA168AF53300D2B39D /* Products */;
			projectDirPath = "";
			projectRoot = "";
			targets = (
				4BB136B8168AF53300D2B39D /* KTdemo */,
			);
		};
/* End PBXProject section */

/* Begin PBXResourcesBuildPhase section */
		4BB136B7168AF53300D2B39D /* Resources */ = {
			isa = PBXResourcesBuildPhase;
			buildActionMask = 2147483647;
			files = (
				4BB136C8168AF53300D2B39D /* InfoPlist.strings in Resources */,
				4BB136D0168AF53300D2B39D /* Default.png in Resources */,
				4BB136D2168AF53300D2B39D /* Default@2x.png in Resources */,
				4BB136D4168AF53300D2B39D /* Default-568h@2x.png in Resources */,
			);
			runOnlyForDeploymentPostprocessing = 0;
		};
/* End PBXResourcesBuildPhase section */

/* Begin PBXSourcesBuildPhase section */
		4BB136B5168AF53300D2B39D /* Sources */ = {
			isa = PBXSourcesBuildPhase;
			buildActionMask = 2147483647;
			files = (
				4BB136CA168AF53300D2B39D /* main.m in Sources */,
				4BB136CE168AF53300D2B39D /* AppDelegate.m in Sources */,
			);
			runOnlyForDeploymentPostprocessing = 0;
		};
/* End PBXSourcesBuildPhase section */

/* Begin PBXVariantGroup section */
		4BB136C6168AF53300D2B39D /* InfoPlist.strings */ = {
			isa = PBXVariantGroup;
			children = (
				4BB136C7168AF53300D2B39D /* en */,
			);
			name = InfoPlist.strings;
			sourceTree = "<group>";
		};
/* End PBXVariantGroup section */

/* Begin XCBuildConfiguration section */
		4BB136D5168AF53300D2B39D /* Debug */ = {
			isa = XCBuildConfiguration;
			buildSettings = {
				ALWAYS_SEARCH_USER_PATHS = NO;
				CLANG_CXX_LANGUAGE_STANDARD = "gnu++0x";
				CLANG_CXX_LIBRARY = "libc++";
				CLANG_ENABLE_OBJC_ARC = YES;
				CLANG_WARN_EMPTY_BODY = YES;
				CLANG_WARN__DUPLICATE_METHOD_MATCH = YES;
				"CODE_SIGN_IDENTITY[sdk=iphoneos*]" = "iPhone Developer";
				COPY_PHASE_STRIP = NO;
				GCC_C_LANGUAGE_STANDARD = gnu99;
				GCC_DYNAMIC_NO_PIC = NO;
				GCC_OPTIMIZATION_LEVEL = 0;
				GCC_PREPROCESSOR_DEFINITIONS = (
					"DEBUG=1",
					"$(inherited)",
				);
				GCC_SYMBOLS_PRIVATE_EXTERN = NO;
				GCC_WARN_ABOUT_RETURN_TYPE = YES;
				GCC_WARN_UNINITIALIZED_AUTOS = YES;
				GCC_WARN_UNUSED_VARIABLE = YES;
				IPHONEOS_DEPLOYMENT_TARGET = 6.0;
				SDKROOT = iphoneos;
			};
			name = Debug;
		};
		4BB136D6168AF53300D2B39D /* Release */ = {
			isa = XCBuildConfiguration;
			buildSettings = {
				ALWAYS_SEARCH_USER_PATHS = NO;
				CLANG_CXX_LANGUAGE_STANDARD = "gnu++0x";
				CLANG_CXX_LIBRARY = "libc++";
				CLANG_ENABLE_OBJC_ARC = YES;
				CLANG_WARN_EMPTY_BODY = YES;
				CLANG_WARN__DUPLICATE_METHOD_MATCH = YES;
				"CODE_SIGN_IDENTITY[sdk=iphoneos*]" = "iPhone Developer";
				COPY_PHASE_STRIP = YES;
				GCC_C_LANGUAGE_STANDARD = gnu99;
				GCC_WARN_ABOUT_RETURN_TYPE = YES;
				GCC_WARN_UNINITIALIZED_AUTOS = YES;
				GCC_WARN_UNUSED_VARIABLE = YES;
				IPHONEOS_DEPLOYMENT_TARGET = 6.0;
				OTHER_CFLAGS = "-DNS_BLOCK_ASSERTIONS=1";
				SDKROOT = iphoneos;
				VALIDATE_PRODUCT = YES;
			};
			name = Release;
		};
		4BB136D8168AF53300D2B39D /* Debug */ = {
			isa = XCBuildConfiguration;
			buildSettings = {
				GCC_PRECOMPILE_PREFIX_HEADER = YES;
				GCC_PREFIX_HEADER = "KTdemo/KTdemo-Prefix.pch";
				INFOPLIST_FILE = "KTdemo/KTdemo-Info.plist";
				PRODUCT_NAME = "$(TARGET_NAME)";
				WRAPPER_EXTENSION = app;
			};
			name = Debug;
		};
		4BB136D9168AF53300D2B39D /* Release */ = {
			isa = XCBuildConfiguration;
			buildSettings = {
				GCC_PRECOMPILE_PREFIX_HEADER = YES;
				GCC_PREFIX_HEADER = "KTdemo/KTdemo-Prefix.pch";
				INFOPLIST_FILE = "KTdemo/KTdemo-Info.plist";
				PRODUCT_NAME = "$(TARGET_NAME)";
				WRAPPER_EXTENSION = app;
			};
			name = Release;
		};
/* End XCBuildConfiguration section */

/* Begin XCConfigurationList section */
		4BB136B3168AF53300D2B39D /* Build configuration list for PBXProject "KTdemo" */ = {
			isa = XCConfigurationList;
			buildConfigurations = (
				4BB136D5168AF53300D2B39D /* Debug */,
				4BB136D6168AF53300D2B39D /* Release */,
			);
			defaultConfigurationIsVisible = 0;
			defaultConfigurationName = Release;
		};
		4BB136D7168AF53300D2B39D /* Build configuration list for PBXNativeTarget "KTdemo" */ = {
			isa = XCConfigurationList;
			buildConfigurations = (
				4BB136D8168AF53300D2B39D /* Debug */,
				4BB136D9168AF53300D2B39D /* Release */,
			);
			defaultConfigurationIsVisible = 0;
		};
/* End XCConfigurationList section */
	};
	rootObject = 4BB136B0168AF53300D2B39D /* Project object */;
}
